
Microsoft Visual Studio Solution File, Format Version 12.00
# Visual Studio Version 17
VisualStudioVersion = 17.4.33205.214
MinimumVisualStudioVersion = 10.0.40219.1
Project("{FAE04EC0-301F-11D3-BF4B-00C04F79EFBC}") = "BlazorFullStack.Server", "BlazorFullStack\Server\BlazorFullStack.Server.csproj", "{C2B9E1BB-011B-4972-88AD-122C19A38B60}"
EndProject
Project("{FAE04EC0-301F-11D3-BF4B-00C04F79EFBC}") = "BlazorFullStack.Client", "BlazorFullStack\Client\BlazorFullStack.Client.csproj", "{78B3C1F4-F629-4470-A960-7C13C3E2FE4A}"
EndProject
Project("{FAE04EC0-301F-11D3-BF4B-00C04F79EFBC}") = "BlazorFullStack.Shared", "BlazorFullStack\Shared\BlazorFullStack.Shared.csproj", "{BA7E0853-8961-4A3B-BFCE-369DAC2B54DF}"
EndProject
Global
	GlobalSection(SolutionConfigurationPlatforms) = preSolution
		Debug|Any CPU = Debug|Any CPU
		Release|Any CPU = Release|Any CPU
	EndGlobalSection
	GlobalSection(ProjectConfigurationPlatforms) = postSolution
		{C2B9E1BB-011B-4972-88AD-122C19A38B60}.Debug|Any CPU.ActiveCfg = Debug|Any CPU
		{C2B9E1BB-011B-4972-88AD-122C19A38B60}.Debug|Any CPU.Build.0 = Debug|Any CPU
		{C2B9E1BB-011B-4972-88AD-122C19A38B60}.Release|Any CPU.ActiveCfg = Release|Any CPU
		{C2B9E1BB-011B-4972-88AD-122C19A38B60}.Release|Any CPU.Build.0 = Release|Any CPU
		{78B3C1F4-F629-4470-A960-7C13C3E2FE4A}.Debug|Any CPU.ActiveCfg = Debug|Any CPU
		{78B3C1F4-F629-4470-A960-7C13C3E2FE4A}.Debug|Any CPU.Build.0 = Debug|Any CPU
		{78B3C1F4-F629-4470-A960-7C13C3E2FE4A}.Release|Any CPU.ActiveCfg = Release|Any CPU
		{78B3C1F4-F629-4470-A960-7C13C3E2FE4A}.Release|Any CPU.Build.0 = Release|Any CPU
		{BA7E0853-8961-4A3B-BFCE-369DAC2B54DF}.Debug|Any CPU.ActiveCfg = Debug|Any CPU
		{BA7E0853-8961-4A3B-BFCE-369DAC2B54DF}.Debug|Any CPU.Build.0 = Debug|Any CPU
		{BA7E0853-8961-4A3B-BFCE-369DAC2B54DF}.Release|Any CPU.ActiveCfg = Release|Any CPU
		{BA7E0853-8961-4A3B-BFCE-369DAC2B54DF}.Release|Any CPU.Build.0 = Release|Any CPU
	EndGlobalSection
	GlobalSection(SolutionProperties) = preSolution
		HideSolutionNode = FALSE
	EndGlobalSection
	GlobalSection(ExtensibilityGlobals) = postSolution
		SolutionGuid = {7D7B5198-D877-489D-818C-FADBE6F7DB95}
	EndGlobalSection
EndGlobal
